
Microsoft Visual Studio Solution File, Format Version 12.00
# Visual Studio 2017
Project("{FAE04EC0-301F-11D3-BF4B-00C04F79EFBC}") = "DS_game", "DS_game.csproj", "{19809155-4C96-690C-ED22-80C7C1A7F6CE}"
EndProject
Global
	GlobalSection(SolutionConfigurationPlatforms) = preSolution
		Debug|Any CPU = Debug|Any CPU
		Release|Any CPU = Release|Any CPU
	EndGlobalSection
	GlobalSection(ProjectConfigurationPlatforms) = postSolution
		{19809155-4C96-690C-ED22-80C7C1A7F6CE}.Debug|Any CPU.ActiveCfg = Debug|Any CPU
		{19809155-4C96-690C-ED22-80C7C1A7F6CE}.Debug|Any CPU.Build.0 = Debug|Any CPU
		{19809155-4C96-690C-ED22-80C7C1A7F6CE}.Release|Any CPU.ActiveCfg = Release|Any CPU
		{19809155-4C96-690C-ED22-80C7C1A7F6CE}.Release|Any CPU.Build.0 = Release|Any CPU
	EndGlobalSection
	GlobalSection(SolutionProperties) = preSolution
		HideSolutionNode = FALSE
	EndGlobalSection
EndGlobal
